Microsoft Visual Studio Solution File, Format Version 12.00
# Visual Studio Version 17
VisualStudioVersion = 17.5.2.0
MinimumVisualStudioVersion = 10.0.40219.1
Project("{FAE04EC0-301F-11D3-BF4B-00C04F79EFBC}") = "Develop04", "Develop04.csproj", "{33204CB9-851D-CE7C-D315-4BD8740A6ACD}"
EndProject
Global
	GlobalSection(SolutionConfigurationPlatforms) = preSolution
		Debug|Any CPU = Debug|Any CPU
		Release|Any CPU = Release|Any CPU
	EndGlobalSection
	GlobalSection(ProjectConfigurationPlatforms) = postSolution
		{33204CB9-851D-CE7C-D315-4BD8740A6ACD}.Debug|Any CPU.ActiveCfg = Debug|Any CPU
		{33204CB9-851D-CE7C-D315-4BD8740A6ACD}.Debug|Any CPU.Build.0 = Debug|Any CPU
		{33204CB9-851D-CE7C-D315-4BD8740A6ACD}.Release|Any CPU.ActiveCfg = Release|Any CPU
		{33204CB9-851D-CE7C-D315-4BD8740A6ACD}.Release|Any CPU.Build.0 = Release|Any CPU
	EndGlobalSection
	GlobalSection(SolutionProperties) = preSolution
		HideSolutionNode = FALSE
	EndGlobalSection
	GlobalSection(ExtensibilityGlobals) = postSolution
		SolutionGuid = {385033F7-B4A4-4A1C-B4A4-96EDB6999394}
	EndGlobalSection
EndGlobal
